
Microsoft Visual Studio Solution File, Format Version 12.00
# Visual Studio Version 17
VisualStudioVersion = 17.7.34031.279
MinimumVisualStudioVersion = 10.0.40219.1
Project("{FAE04EC0-301F-11D3-BF4B-00C04F79EFBC}") = "FactoryMethodAp", "FactoryMethodAp\FactoryMethodAp.csproj", "{BF44EF10-6BDF-408D-99B8-AA388D736E3E}"
EndProject
Global
	GlobalSection(SolutionConfigurationPlatforms) = preSolution
		Debug|Any CPU = Debug|Any CPU
		Release|Any CPU = Release|Any CPU
	EndGlobalSection
	GlobalSection(ProjectConfigurationPlatforms) = postSolution
		{BF44EF10-6BDF-408D-99B8-AA388D736E3E}.Debug|Any CPU.ActiveCfg = Debug|Any CPU
		{BF44EF10-6BDF-408D-99B8-AA388D736E3E}.Debug|Any CPU.Build.0 = Debug|Any CPU
		{BF44EF10-6BDF-408D-99B8-AA388D736E3E}.Release|Any CPU.ActiveCfg = Release|Any CPU
		{BF44EF10-6BDF-408D-99B8-AA388D736E3E}.Release|Any CPU.Build.0 = Release|Any CPU
	EndGlobalSection
	GlobalSection(SolutionProperties) = preSolution
		HideSolutionNode = FALSE
	EndGlobalSection
	GlobalSection(ExtensibilityGlobals) = postSolution
		SolutionGuid = {EF3842BB-E9D9-4523-BF49-5BB2EB1D6730}
	EndGlobalSection
EndGlobal
